
Microsoft Visual Studio Solution File, Format Version 12.00
# Visual Studio 15
VisualStudioVersion = 15.0.27130.2010
MinimumVisualStudioVersion = 10.0.40219.1
Project("{FAE04EC0-301F-11D3-BF4B-00C04F79EFBC}") = "Totes2Go", "Totes2Go\Totes2Go.csproj", "{984FA090-B25A-475E-A7B0-7DACDE323338}"
EndProject
Global
	GlobalSection(SolutionConfigurationPlatforms) = preSolution
		Debug|Any CPU = Debug|Any CPU
		Release|Any CPU = Release|Any CPU
	EndGlobalSection
	GlobalSection(ProjectConfigurationPlatforms) = postSolution
		{984FA090-B25A-475E-A7B0-7DACDE323338}.Debug|Any CPU.ActiveCfg = Debug|Any CPU
		{984FA090-B25A-475E-A7B0-7DACDE323338}.Debug|Any CPU.Build.0 = Debug|Any CPU
		{984FA090-B25A-475E-A7B0-7DACDE323338}.Release|Any CPU.ActiveCfg = Release|Any CPU
		{984FA090-B25A-475E-A7B0-7DACDE323338}.Release|Any CPU.Build.0 = Release|Any CPU
	EndGlobalSection
	GlobalSection(SolutionProperties) = preSolution
		HideSolutionNode = FALSE
	EndGlobalSection
	GlobalSection(ExtensibilityGlobals) = postSolution
		SolutionGuid = {4ECAB4CB-CE8F-4454-8295-21DA48582AF4}
	EndGlobalSection
EndGlobal
